
Microsoft Visual Studio Solution File, Format Version 12.00
# Visual Studio Version 17
VisualStudioVersion = 17.8.34330.188
MinimumVisualStudioVersion = 10.0.40219.1
Project("{FAE04EC0-301F-11D3-BF4B-00C04F79EFBC}") = "WebApplication2", "WebApplication2\WebApplication2.csproj", "{0F922B9E-7D6D-4839-8337-AD5324EA6BCD}"
EndProject
Global
	GlobalSection(SolutionConfigurationPlatforms) = preSolution
		Debug|Any CPU = Debug|Any CPU
		Release|Any CPU = Release|Any CPU
	EndGlobalSection
	GlobalSection(ProjectConfigurationPlatforms) = postSolution
		{0F922B9E-7D6D-4839-8337-AD5324EA6BCD}.Debug|Any CPU.ActiveCfg = Debug|Any CPU
		{0F922B9E-7D6D-4839-8337-AD5324EA6BCD}.Debug|Any CPU.Build.0 = Debug|Any CPU
		{0F922B9E-7D6D-4839-8337-AD5324EA6BCD}.Release|Any CPU.ActiveCfg = Release|Any CPU
		{0F922B9E-7D6D-4839-8337-AD5324EA6BCD}.Release|Any CPU.Build.0 = Release|Any CPU
	EndGlobalSection
	GlobalSection(SolutionProperties) = preSolution
		HideSolutionNode = FALSE
	EndGlobalSection
	GlobalSection(ExtensibilityGlobals) = postSolution
		SolutionGuid = {E0FE3778-3A10-4A22-8D88-DBA6615B02C2}
	EndGlobalSection
EndGlobal
